PODS:
  - TextFieldEffects (1.4.0)

DEPENDENCIES:
  - TextFieldEffects

SPEC REPOS:
  https://github.com/cocoapods/specs.git:
    - TextFieldEffects

SPEC CHECKSUMS:
  TextFieldEffects: 4ee41b5216e674d55fb6ac25107bf1af7629176f

PODFILE CHECKSUM: ae132a17974b2db9596bec2dfd3e08c6d243e7bd

COCOAPODS: 1.5.3
